// !$*UTF8*$!
{
	archiveVersion = 1;
	classes = {
	};
	objectVersion = 50;
	objects = {

/* Begin PBXBuildFile section */
		551894F723326CAC00A88226 /* TableCell.swift in Sources */ = {isa = PBXBuildFile; fileRef = 551894F623326CAC00A88226 /* TableCell.swift */; };
		55903D98233100700075A557 /* AppDelegate.swift in Sources */ = {isa = PBXBuildFile; fileRef = 55903D97233100700075A557 /* AppDelegate.swift */; };
		55903D9A233100700075A557 /* ViewController.swift in Sources */ = {isa = PBXBuildFile; fileRef = 55903D99233100700075A557 /* ViewController.swift */; };
		55903D9D233100700075A557 /* Main.storyboard in Resources */ = {isa = PBXBuildFile; fileRef = 55903D9B233100700075A557 /* Main.storyboard */; };
		55903D9F233100710075A557 /* Assets.xcassets in Resources */ = {isa = PBXBuildFile; fileRef = 55903D9E233100710075A557 /* Assets.xcassets */; };
		55903DA2233100710075A557 /* LaunchScreen.storyboard in Resources */ = {isa = PBXBuildFile; fileRef = 55903DA0233100710075A557 /* LaunchScreen.storyboard */; };
		55903DAD233100710075A557 /* iTaskTests.swift in Sources */ = {isa = PBXBuildFile; fileRef = 55903DAC233100710075A557 /* iTaskTests.swift */; };
		55903DB8233100710075A557 /* iTaskUITests.swift in Sources */ = {isa = PBXBuildFile; fileRef = 55903DB7233100710075A557 /* iTaskUITests.swift */; };
		5594C9022331274E00FB9226 /* AddTaskViewController.swift in Sources */ = {isa = PBXBuildFile; fileRef = 5594C9012331274E00FB9226 /* AddTaskViewController.swift */; };
		5598F9442338F53F003E140F /* TaskModel.xcdatamodeld in Sources */ = {isa = PBXBuildFile; fileRef = 5598F9422338F53F003E140F /* TaskModel.xcdatamodeld */; };
		5598F94A2338F5FE003E140F /* CoreDataManager.swift in Sources */ = {isa = PBXBuildFile; fileRef = 5598F9492338F5FE003E140F /* CoreDataManager.swift */; };
		5598F94D233901FC003E140F /* Tarefa+CoreDataClass.swift in Sources */ = {isa = PBXBuildFile; fileRef = 5598F94B233901FC003E140F /* Tarefa+CoreDataClass.swift */; };
		5598F94E233901FC003E140F /* Tarefa+CoreDataProperties.swift in Sources */ = {isa = PBXBuildFile; fileRef = 5598F94C233901FC003E140F /* Tarefa+CoreDataProperties.swift */; };
		55DB907A2334F30F00EEB04A /* TaskDetailViewController.swift in Sources */ = {isa = PBXBuildFile; fileRef = 55DB90792334F30F00EEB04A /* TaskDetailViewController.swift */; };
/* End PBXBuildFile section */

/* Begin PBXContainerItemProxy section */
		55903DA9233100710075A557 /* PBXContainerItemProxy */ = {
			isa = PBXContainerItemProxy;
			containerPortal = 55903D8C233100700075A557 /* Project object */;
			proxyType = 1;
			remoteGlobalIDString = 55903D93233100700075A557;
			remoteInfo = iTask;
		};
		55903DB4233100710075A557 /* PBXContainerItemProxy */ = {
			isa = PBXContainerItemProxy;
			containerPortal = 55903D8C233100700075A557 /* Project object */;
			proxyType = 1;
			remoteGlobalIDString = 55903D93233100700075A557;
			remoteInfo = iTask;
		};
/* End PBXContainerItemProxy section */

/* Begin PBXFileReference section */
		551894F623326CAC00A88226 /* TableCell.swift */ = {isa = PBXFileReference; lastKnownFileType = sourcecode.swift; path = TableCell.swift; sourceTree = "<group>"; };
		55903D94233100700075A557 /* iTask.app */ = {isa = PBXFileReference; explicitFileType = wrapper.application; includeInIndex = 0; path = iTask.app; sourceTree = BUILT_PRODUCTS_DIR; };
		55903D97233100700075A557 /* AppDelegate.swift */ = {isa = PBXFileReference; lastKnownFileType = sourcecode.swift; path = AppDelegate.swift; sourceTree = "<group>"; };
		55903D99233100700075A557 /* ViewController.swift */ = {isa = PBXFileReference; lastKnownFileType = sourcecode.swift; path = ViewController.swift; sourceTree = "<group>"; };
		55903D9C233100700075A557 /* Base */ = {isa = PBXFileReference; lastKnownFileType = file.storyboard; name = Base; path = Base.lproj/Main.storyboard; sourceTree = "<group>"; };
		55903D9E233100710075A557 /* Assets.xcassets */ = {isa = PBXFileReference; lastKnownFileType = folder.assetcatalog; path = Assets.xcassets; sourceTree = "<group>"; };
		55903DA1233100710075A557 /* Base */ = {isa = PBXFileReference; lastKnownFileType = file.storyboard; name = Base; path = Base.lproj/LaunchScreen.storyboard; sourceTree = "<group>"; };
		55903DA3233100710075A557 /* Info.plist */ = {isa = PBXFileReference; lastKnownFileType = text.plist.xml; path = Info.plist; sourceTree = "<group>"; };
		55903DA8233100710075A557 /* iTaskTests.xctest */ = {isa = PBXFileReference; explicitFileType = wrapper.cfbundle; includeInIndex = 0; path = iTaskTests.xctest; sourceTree = BUILT_PRODUCTS_DIR; };
		55903DAC233100710075A557 /* iTaskTests.swift */ = {isa = PBXFileReference; lastKnownFileType = sourcecode.swift; path = iTaskTests.swift; sourceTree = "<group>"; };
		55903DAE233100710075A557 /* Info.plist */ = {isa = PBXFileReference; lastKnownFileType = text.plist.xml; path = Info.plist; sourceTree = "<group>"; };
		55903DB3233100710075A557 /* iTaskUITests.xctest */ = {isa = PBXFileReference; explicitFileType = wrapper.cfbundle; includeInIndex = 0; path = iTaskUITests.xctest; sourceTree = BUILT_PRODUCTS_DIR; };
		55903DB7233100710075A557 /* iTaskUITests.swift */ = {isa = PBXFileReference; lastKnownFileType = sourcecode.swift; path = iTaskUITests.swift; sourceTree = "<group>"; };
		55903DB9233100710075A557 /* Info.plist */ = {isa = PBXFileReference; lastKnownFileType = text.plist.xml; path = Info.plist; sourceTree = "<group>"; };
		5594C9012331274E00FB9226 /* AddTaskViewController.swift */ = {isa = PBXFileReference; lastKnownFileType = sourcecode.swift; path = AddTaskViewController.swift; sourceTree = "<group>"; };
		5598F9432338F53F003E140F /* TaskModel.xcdatamodel */ = {isa = PBXFileReference; lastKnownFileType = wrapper.xcdatamodel; path = TaskModel.xcdatamodel; sourceTree = "<group>"; };
		5598F9492338F5FE003E140F /* CoreDataManager.swift */ = {isa = PBXFileReference; lastKnownFileType = sourcecode.swift; path = CoreDataManager.swift; sourceTree = "<group>"; };
		5598F94B233901FC003E140F /* Tarefa+CoreDataClass.swift */ = {isa = PBXFileReference; lastKnownFileType = sourcecode.swift; path = "Tarefa+CoreDataClass.swift"; sourceTree = "<group>"; };
		5598F94C233901FC003E140F /* Tarefa+CoreDataProperties.swift */ = {isa = PBXFileReference; lastKnownFileType = sourcecode.swift; path = "Tarefa+CoreDataProperties.swift"; sourceTree = "<group>"; };
		55DB90792334F30F00EEB04A /* TaskDetailViewController.swift */ = {isa = PBXFileReference; lastKnownFileType = sourcecode.swift; path = TaskDetailViewController.swift; sourceTree = "<group>"; };
/* End PBXFileReference section */

/* Begin PBXFrameworksBuildPhase section */
		55903D91233100700075A557 /* Frameworks */ = {
			isa = PBXFrameworksBuildPhase;
			buildActionMask = 2147483647;
			files = (
			);
			runOnlyForDeploymentPostprocessing = 0;
		};
		55903DA5233100710075A557 /* Frameworks */ = {
			isa = PBXFrameworksBuildPhase;
			buildActionMask = 2147483647;
			files = (
			);
			runOnlyForDeploymentPostprocessing = 0;
		};
		55903DB0233100710075A557 /* Frameworks */ = {
			isa = PBXFrameworksBuildPhase;
			buildActionMask = 2147483647;
			files = (
			);
			runOnlyForDeploymentPostprocessing = 0;
		};
/* End PBXFrameworksBuildPhase section */

/* Begin PBXGroup section */
		55903D8B233100700075A557 = {
			isa = PBXGroup;
			children = (
				5598F94B233901FC003E140F /* Tarefa+CoreDataClass.swift */,
				5598F94C233901FC003E140F /* Tarefa+CoreDataProperties.swift */,
				55903D96233100700075A557 /* iTask */,
				55903DAB233100710075A557 /* iTaskTests */,
				55903DB6233100710075A557 /* iTaskUITests */,
				55903D95233100700075A557 /* Products */,
			);
			sourceTree = "<group>";
		};
		55903D95233100700075A557 /* Products */ = {
			isa = PBXGroup;
			children = (
				55903D94233100700075A557 /* iTask.app */,
				55903DA8233100710075A557 /* iTaskTests.xctest */,
				55903DB3233100710075A557 /* iTaskUITests.xctest */,
			);
			name = Products;
			sourceTree = "<group>";
		};
		55903D96233100700075A557 /* iTask */ = {
			isa = PBXGroup;
			children = (
				55903D97233100700075A557 /* AppDelegate.swift */,
				55903D99233100700075A557 /* ViewController.swift */,
				55DB90792334F30F00EEB04A /* TaskDetailViewController.swift */,
				551894F623326CAC00A88226 /* TableCell.swift */,
				5594C9012331274E00FB9226 /* AddTaskViewController.swift */,
				55903D9B233100700075A557 /* Main.storyboard */,
				55903D9E233100710075A557 /* Assets.xcassets */,
				55903DA0233100710075A557 /* LaunchScreen.storyboard */,
				55903DA3233100710075A557 /* Info.plist */,
				5598F9422338F53F003E140F /* TaskModel.xcdatamodeld */,
				5598F9492338F5FE003E140F /* CoreDataManager.swift */,
			);
			path = iTask;
			sourceTree = "<group>";
		};
		55903DAB233100710075A557 /* iTaskTests */ = {
			isa = PBXGroup;
			children = (
				55903DAC233100710075A557 /* iTaskTests.swift */,
				55903DAE233100710075A557 /* Info.plist */,
			);
			path = iTaskTests;
			sourceTree = "<group>";
		};
		55903DB6233100710075A557 /* iTaskUITests */ = {
			isa = PBXGroup;
			children = (
				55903DB7233100710075A557 /* iTaskUITests.swift */,
				55903DB9233100710075A557 /* Info.plist */,
			);
			path = iTaskUITests;
			sourceTree = "<group>";
		};
/* End PBXGroup section */

/* Begin PBXNativeTarget section */
		55903D93233100700075A557 /* iTask */ = {
			isa = PBXNativeTarget;
			buildConfigurationList = 55903DBC233100710075A557 /* Build configuration list for PBXNativeTarget "iTask" */;
			buildPhases = (
				55903D90233100700075A557 /* Sources */,
				55903D91233100700075A557 /* Frameworks */,
				55903D92233100700075A557 /* Resources */,
			);
			buildRules = (
			);
			dependencies = (
			);
			name = iTask;
			productName = iTask;
			productReference = 55903D94233100700075A557 /* iTask.app */;
			productType = "com.apple.product-type.application";
		};
		55903DA7233100710075A557 /* iTaskTests */ = {
			isa = PBXNativeTarget;
			buildConfigurationList = 55903DBF233100710075A557 /* Build configuration list for PBXNativeTarget "iTaskTests" */;
			buildPhases = (
				55903DA4233100710075A557 /* Sources */,
				55903DA5233100710075A557 /* Frameworks */,
				55903DA6233100710075A557 /* Resources */,
			);
			buildRules = (
			);
			dependencies = (
				55903DAA233100710075A557 /* PBXTargetDependency */,
			);
			name = iTaskTests;
			productName = iTaskTests;
			productReference = 55903DA8233100710075A557 /* iTaskTests.xctest */;
			productType = "com.apple.product-type.bundle.unit-test";
		};
		55903DB2233100710075A557 /* iTaskUITests */ = {
			isa = PBXNativeTarget;
			buildConfigurationList = 55903DC2233100710075A557 /* Build configuration list for PBXNativeTarget "iTaskUITests" */;
			buildPhases = (
				55903DAF233100710075A557 /* Sources */,
				55903DB0233100710075A557 /* Frameworks */,
				55903DB1233100710075A557 /* Resources */,
			);
			buildRules = (
			);
			dependencies = (
				55903DB5233100710075A557 /* PBXTargetDependency */,
			);
			name = iTaskUITests;
			productName = iTaskUITests;
			productReference = 55903DB3233100710075A557 /* iTaskUITests.xctest */;
			productType = "com.apple.product-type.bundle.ui-testing";
		};
/* End PBXNativeTarget section */

/* Begin PBXProject section */
		55903D8C233100700075A557 /* Project object */ = {
			isa = PBXProject;
			attributes = {
				LastSwiftUpdateCheck = 1010;
				LastUpgradeCheck = 1010;
				ORGANIZATIONNAME = "Aluno Mack";
				TargetAttributes = {
					55903D93233100700075A557 = {
						CreatedOnToolsVersion = 10.1;
					};
					55903DA7233100710075A557 = {
						CreatedOnToolsVersion = 10.1;
						TestTargetID = 55903D93233100700075A557;
					};
					55903DB2233100710075A557 = {
						CreatedOnToolsVersion = 10.1;
						TestTargetID = 55903D93233100700075A557;
					};
				};
			};
			buildConfigurationList = 55903D8F233100700075A557 /* Build configuration list for PBXProject "iTask" */;
			compatibilityVersion = "Xcode 9.3";
			developmentRegion = en;
			hasScannedForEncodings = 0;
			knownRegions = (
				en,
				Base,
			);
			mainGroup = 55903D8B233100700075A557;
			productRefGroup = 55903D95233100700075A557 /* Products */;
			projectDirPath = "";
			projectRoot = "";
			targets = (
				55903D93233100700075A557 /* iTask */,
				55903DA7233100710075A557 /* iTaskTests */,
				55903DB2233100710075A557 /* iTaskUITests */,
			);
		};
/* End PBXProject section */

/* Begin PBXResourcesBuildPhase section */
		55903D92233100700075A557 /* Resources */ = {
			isa = PBXResourcesBuildPhase;
			buildActionMask = 2147483647;
			files = (
				55903DA2233100710075A557 /* LaunchScreen.storyboard in Resources */,
				55903D9F233100710075A557 /* Assets.xcassets in Resources */,
				55903D9D233100700075A557 /* Main.storyboard in Resources */,
			);
			runOnlyForDeploymentPostprocessing = 0;
		};
		55903DA6233100710075A557 /* Resources */ = {
			isa = PBXResourcesBuildPhase;
			buildActionMask = 2147483647;
			files = (
			);
			runOnlyForDeploymentPostprocessing = 0;
		};
		55903DB1233100710075A557 /* Resources */ = {
			isa = PBXResourcesBuildPhase;
			buildActionMask = 2147483647;
			files = (
			);
			runOnlyForDeploymentPostprocessing = 0;
		};
/* End PBXResourcesBuildPhase section */

/* Begin PBXSourcesBuildPhase section */
		55903D90233100700075A557 /* Sources */ = {
			isa = PBXSourcesBuildPhase;
			buildActionMask = 2147483647;
			files = (
				55DB907A2334F30F00EEB04A /* TaskDetailViewController.swift in Sources */,
				55903D9A233100700075A557 /* ViewController.swift in Sources */,
				5594C9022331274E00FB9226 /* AddTaskViewController.swift in Sources */,
				5598F9442338F53F003E140F /* TaskModel.xcdatamodeld in Sources */,
				5598F94D233901FC003E140F /* Tarefa+CoreDataClass.swift in Sources */,
				551894F723326CAC00A88226 /* TableCell.swift in Sources */,
				5598F94E233901FC003E140F /* Tarefa+CoreDataProperties.swift in Sources */,
				5598F94A2338F5FE003E140F /* CoreDataManager.swift in Sources */,
				55903D98233100700075A557 /* AppDelegate.swift in Sources */,
			);
			runOnlyForDeploymentPostprocessing = 0;
		};
		55903DA4233100710075A557 /* Sources */ = {
			isa = PBXSourcesBuildPhase;
			buildActionMask = 2147483647;
			files = (
				55903DAD233100710075A557 /* iTaskTests.swift in Sources */,
			);
			runOnlyForDeploymentPostprocessing = 0;
		};
		55903DAF233100710075A557 /* Sources */ = {
			isa = PBXSourcesBuildPhase;
			buildActionMask = 2147483647;
			files = (
				55903DB8233100710075A557 /* iTaskUITests.swift in Sources */,
			);
			runOnlyForDeploymentPostprocessing = 0;
		};
/* End PBXSourcesBuildPhase section */

/* Begin PBXTargetDependency section */
		55903DAA233100710075A557 /* PBXTargetDependency */ = {
			isa = PBXTargetDependency;
			target = 55903D93233100700075A557 /* iTask */;
			targetProxy = 55903DA9233100710075A557 /* PBXContainerItemProxy */;
		};
		55903DB5233100710075A557 /* PBXTargetDependency */ = {
			isa = PBXTargetDependency;
			target = 55903D93233100700075A557 /* iTask */;
			targetProxy = 55903DB4233100710075A557 /* PBXContainerItemProxy */;
		};
/* End PBXTargetDependency section */

/* Begin PBXVariantGroup section */
		55903D9B233100700075A557 /* Main.storyboard */ = {
			isa = PBXVariantGroup;
			children = (
				55903D9C233100700075A557 /* Base */,
			);
			name = Main.storyboard;
			sourceTree = "<group>";
		};
		55903DA0233100710075A557 /* LaunchScreen.storyboard */ = {
			isa = PBXVariantGroup;
			children = (
				55903DA1233100710075A557 /* Base */,
			);
			name = LaunchScreen.storyboard;
			sourceTree = "<group>";
		};
/* End PBXVariantGroup section */

/* Begin XCBuildConfiguration section */
		55903DBA233100710075A557 /* Debug */ = {
			isa = XCBuildConfiguration;
			buildSettings = {
				ALWAYS_SEARCH_USER_PATHS = NO;
				CLANG_ANALYZER_NONNULL = YES;
				CLANG_ANALYZER_NUMBER_OBJECT_CONVERSION = YES_AGGRESSIVE;
				CLANG_CXX_LANGUAGE_STANDARD = "gnu++14";
				CLANG_CXX_LIBRARY = "libc++";
				CLANG_ENABLE_MODULES = YES;
				CLANG_ENABLE_OBJC_ARC = YES;
				CLANG_ENABLE_OBJC_WEAK = YES;
				CLANG_WARN_BLOCK_CAPTURE_AUTORELEASING = YES;
				CLANG_WARN_BOOL_CONVERSION = YES;
				CLANG_WARN_COMMA = YES;
				CLANG_WARN_CONSTANT_CONVERSION = YES;
				CLANG_WARN_DEPRECATED_OBJC_IMPLEMENTATIONS = YES;
				CLANG_WARN_DIRECT_OBJC_ISA_USAGE = YES_ERROR;
				CLANG_WARN_DOCUMENTATION_COMMENTS = YES;
				CLANG_WARN_EMPTY_BODY = YES;
				CLANG_WARN_ENUM_CONVERSION = YES;
				CLANG_WARN_INFINITE_RECURSION = YES;
				CLANG_WARN_INT_CONVERSION = YES;
				CLANG_WARN_NON_LITERAL_NULL_CONVERSION = YES;
				CLANG_WARN_OBJC_IMPLICIT_RETAIN_SELF = YES;
				CLANG_WARN_OBJC_LITERAL_CONVERSION = YES;
				CLANG_WARN_OBJC_ROOT_CLASS = YES_ERROR;
				CLANG_WARN_RANGE_LOOP_ANALYSIS = YES;
				CLANG_WARN_STRICT_PROTOTYPES = YES;
				CLANG_WARN_SUSPICIOUS_MOVE = YES;
				CLANG_WARN_UNGUARDED_AVAILABILITY = YES_AGGRESSIVE;
				CLANG_WARN_UNREACHABLE_CODE = YES;
				CLANG_WARN__DUPLICATE_METHOD_MATCH = YES;
				CODE_SIGN_IDENTITY = "iPhone Developer";
				COPY_PHASE_STRIP = NO;
				DEBUG_INFORMATION_FORMAT = dwarf;
				ENABLE_STRICT_OBJC_MSGSEND = YES;
				ENABLE_TESTABILITY = YES;
				GCC_C_LANGUAGE_STANDARD = gnu11;
				GCC_DYNAMIC_NO_PIC = NO;
				GCC_NO_COMMON_BLOCKS = YES;
				GCC_OPTIMIZATION_LEVEL = 0;
				GCC_PREPROCESSOR_DEFINITIONS = (
					"DEBUG=1",
					"$(inherited)",
				);
				GCC_WARN_64_TO_32_BIT_CONVERSION = YES;
				GCC_WARN_ABOUT_RETURN_TYPE = YES_ERROR;
				GCC_WARN_UNDECLARED_SELECTOR = YES;
				GCC_WARN_UNINITIALIZED_AUTOS = YES_AGGRESSIVE;
				GCC_WARN_UNUSED_FUNCTION = YES;
				GCC_WARN_UNUSED_VARIABLE = YES;
				IPHONEOS_DEPLOYMENT_TARGET = 12.1;
				MTL_ENABLE_DEBUG_INFO = INCLUDE_SOURCE;
				MTL_FAST_MATH = YES;
				ONLY_ACTIVE_ARCH = YES;
				SDKROOT = iphoneos;
				SWIFT_ACTIVE_COMPILATION_CONDITIONS = DEBUG;
				SWIFT_OPTIMIZATION_LEVEL = "-Onone";
			};
			name = Debug;
		};
		55903DBB233100710075A557 /* Release */ = {
			isa = XCBuildConfiguration;
			buildSettings = {
				ALWAYS_SEARCH_USER_PATHS = NO;
				CLANG_ANALYZER_NONNULL = YES;
				CLANG_ANALYZER_NUMBER_OBJECT_CONVERSION = YES_AGGRESSIVE;
				CLANG_CXX_LANGUAGE_STANDARD = "gnu++14";
				CLANG_CXX_LIBRARY = "libc++";
				CLANG_ENABLE_MODULES = YES;
				CLANG_ENABLE_OBJC_ARC = YES;
				CLANG_ENABLE_OBJC_WEAK = YES;
				CLANG_WARN_BLOCK_CAPTURE_AUTORELEASING = YES;
				CLANG_WARN_BOOL_CONVERSION = YES;
				CLANG_WARN_COMMA = YES;
				CLANG_WARN_CONSTANT_CONVERSION = YES;
				CLANG_WARN_DEPRECATED_OBJC_IMPLEMENTATIONS = YES;
				CLANG_WARN_DIRECT_OBJC_ISA_USAGE = YES_ERROR;
				CLANG_WARN_DOCUMENTATION_COMMENTS = YES;
				CLANG_WARN_EMPTY_BODY = YES;
				CLANG_WARN_ENUM_CONVERSION = YES;
				CLANG_WARN_INFINITE_RECURSION = YES;
				CLANG_WARN_INT_CONVERSION = YES;
				CLANG_WARN_NON_LITERAL_NULL_CONVERSION = YES;
				CLANG_WARN_OBJC_IMPLICIT_RETAIN_SELF = YES;
				CLANG_WARN_OBJC_LITERAL_CONVERSION = YES;
				CLANG_WARN_OBJC_ROOT_CLASS = YES_ERROR;
				CLANG_WARN_RANGE_LOOP_ANALYSIS = YES;
				CLANG_WARN_STRICT_PROTOTYPES = YES;
				CLANG_WARN_SUSPICIOUS_MOVE = YES;
				CLANG_WARN_UNGUARDED_AVAILABILITY = YES_AGGRESSIVE;
				CLANG_WARN_UNREACHABLE_CODE = YES;
				CLANG_WARN__DUPLICATE_METHOD_MATCH = YES;
				CODE_SIGN_IDENTITY = "iPhone Developer";
				COPY_PHASE_STRIP = NO;
				DEBUG_INFORMATION_FORMAT = "dwarf-with-dsym";
				ENABLE_NS_ASSERTIONS = NO;
				ENABLE_STRICT_OBJC_MSGSEND = YES;
				GCC_C_LANGUAGE_STANDARD = gnu11;
				GCC_NO_COMMON_BLOCKS = YES;
				GCC_WARN_64_TO_32_BIT_CONVERSION = YES;
				GCC_WARN_ABOUT_RETURN_TYPE = YES_ERROR;
				GCC_WARN_UNDECLARED_SELECTOR = YES;
				GCC_WARN_UNINITIALIZED_AUTOS = YES_AGGRESSIVE;
				GCC_WARN_UNUSED_FUNCTION = YES;
				GCC_WARN_UNUSED_VARIABLE = YES;
				IPHONEOS_DEPLOYMENT_TARGET = 12.1;
				MTL_ENABLE_DEBUG_INFO = NO;
				MTL_FAST_MATH = YES;
				SDKROOT = iphoneos;
				SWIFT_COMPILATION_MODE = wholemodule;
				SWIFT_OPTIMIZATION_LEVEL = "-O";
				VALIDATE_PRODUCT = YES;
			};
			name = Release;
		};
		55903DBD233100710075A557 /* Debug */ = {
			isa = XCBuildConfiguration;
			buildSettings = {
				ASSETCATALOG_COMPILER_APPICON_NAME = AppIcon;
				CODE_SIGN_STYLE = Automatic;
				INFOPLIST_FILE = iTask/Info.plist;
				LD_RUNPATH_SEARCH_PATHS = (
					"$(inherited)",
					"@executable_path/Frameworks",
				);
				PRODUCT_BUNDLE_IDENTIFIER = foundation2019.iTask;
				PRODUCT_NAME = "$(TARGET_NAME)";
				SWIFT_VERSION = 4.2;
				TARGETED_DEVICE_FAMILY = "1,2";
			};
			name = Debug;
		};
		55903DBE233100710075A557 /* Release */ = {
			isa = XCBuildConfiguration;
			buildSettings = {
				ASSETCATALOG_COMPILER_APPICON_NAME = AppIcon;
				CODE_SIGN_STYLE = Automatic;
				INFOPLIST_FILE = iTask/Info.plist;
				LD_RUNPATH_SEARCH_PATHS = (
					"$(inherited)",
					"@executable_path/Frameworks",
				);
				PRODUCT_BUNDLE_IDENTIFIER = foundation2019.iTask;
				PRODUCT_NAME = "$(TARGET_NAME)";
				SWIFT_VERSION = 4.2;
				TARGETED_DEVICE_FAMILY = "1,2";
			};
			name = Release;
		};
		55903DC0233100710075A557 /* Debug */ = {
			isa = XCBuildConfiguration;
			buildSettings = {
				ALWAYS_EMBED_SWIFT_STANDARD_LIBRARIES = YES;
				BUNDLE_LOADER = "$(TEST_HOST)";
				CODE_SIGN_STYLE = Automatic;
				INFOPLIST_FILE = iTaskTests/Info.plist;
				LD_RUNPATH_SEARCH_PATHS = (
					"$(inherited)",
					"@executable_path/Frameworks",
					"@loader_path/Frameworks",
				);
				PRODUCT_BUNDLE_IDENTIFIER = foundation2019.iTaskTests;
				PRODUCT_NAME = "$(TARGET_NAME)";
				SWIFT_VERSION = 4.2;
				TARGETED_DEVICE_FAMILY = "1,2";
				TEST_HOST = "$(BUILT_PRODUCTS_DIR)/iTask.app/iTask";
			};
			name = Debug;
		};
		55903DC1233100710075A557 /* Release */ = {
			isa = XCBuildConfiguration;
			buildSettings = {
				ALWAYS_EMBED_SWIFT_STANDARD_LIBRARIES = YES;
				BUNDLE_LOADER = "$(TEST_HOST)";
				CODE_SIGN_STYLE = Automatic;
				INFOPLIST_FILE = iTaskTests/Info.plist;
				LD_RUNPATH_SEARCH_PATHS = (
					"$(inherited)",
					"@executable_path/Frameworks",
					"@loader_path/Frameworks",
				);
				PRODUCT_BUNDLE_IDENTIFIER = foundation2019.iTaskTests;
				PRODUCT_NAME = "$(TARGET_NAME)";
				SWIFT_VERSION = 4.2;
				TARGETED_DEVICE_FAMILY = "1,2";
				TEST_HOST = "$(BUILT_PRODUCTS_DIR)/iTask.app/iTask";
			};
			name = Release;
		};
		55903DC3233100710075A557 /* Debug */ = {
			isa = XCBuildConfiguration;
			buildSettings = {
				ALWAYS_EMBED_SWIFT_STANDARD_LIBRARIES = YES;
				CODE_SIGN_STYLE = Automatic;
				INFOPLIST_FILE = iTaskUITests/Info.plist;
				LD_RUNPATH_SEARCH_PATHS = (
					"$(inherited)",
					"@executable_path/Frameworks",
					"@loader_path/Frameworks",
				);
				PRODUCT_BUNDLE_IDENTIFIER = foundation2019.iTaskUITests;
				PRODUCT_NAME = "$(TARGET_NAME)";
				SWIFT_VERSION = 4.2;
				TARGETED_DEVICE_FAMILY = "1,2";
				TEST_TARGET_NAME = iTask;
			};
			name = Debug;
		};
		55903DC4233100710075A557 /* Release */ = {
			isa = XCBuildConfiguration;
			buildSettings = {
				ALWAYS_EMBED_SWIFT_STANDARD_LIBRARIES = YES;
				CODE_SIGN_STYLE = Automatic;
				INFOPLIST_FILE = iTaskUITests/Info.plist;
				LD_RUNPATH_SEARCH_PATHS = (
					"$(inherited)",
					"@executable_path/Frameworks",
					"@loader_path/Frameworks",
				);
				PRODUCT_BUNDLE_IDENTIFIER = foundation2019.iTaskUITests;
				PRODUCT_NAME = "$(TARGET_NAME)";
				SWIFT_VERSION = 4.2;
				TARGETED_DEVICE_FAMILY = "1,2";
				TEST_TARGET_NAME = iTask;
			};
			name = Release;
		};
/* End XCBuildConfiguration section */

/* Begin XCConfigurationList section */
		55903D8F233100700075A557 /* Build configuration list for PBXProject "iTask" */ = {
			isa = XCConfigurationList;
			buildConfigurations = (
				55903DBA233100710075A557 /* Debug */,
				55903DBB233100710075A557 /* Release */,
			);
			defaultConfigurationIsVisible = 0;
			defaultConfigurationName = Release;
		};
		55903DBC233100710075A557 /* Build configuration list for PBXNativeTarget "iTask" */ = {
			isa = XCConfigurationList;
			buildConfigurations = (
				55903DBD233100710075A557 /* Debug */,
				55903DBE233100710075A557 /* Release */,
			);
			defaultConfigurationIsVisible = 0;
			defaultConfigurationName = Release;
		};
		55903DBF233100710075A557 /* Build configuration list for PBXNativeTarget "iTaskTests" */ = {
			isa = XCConfigurationList;
			buildConfigurations = (
				55903DC0233100710075A557 /* Debug */,
				55903DC1233100710075A557 /* Release */,
			);
			defaultConfigurationIsVisible = 0;
			defaultConfigurationName = Release;
		};
		55903DC2233100710075A557 /* Build configuration list for PBXNativeTarget "iTaskUITests" */ = {
			isa = XCConfigurationList;
			buildConfigurations = (
				55903DC3233100710075A557 /* Debug */,
				55903DC4233100710075A557 /* Release */,
			);
			defaultConfigurationIsVisible = 0;
			defaultConfigurationName = Release;
		};
/* End XCConfigurationList section */

/* Begin XCVersionGroup section */
		5598F9422338F53F003E140F /* TaskModel.xcdatamodeld */ = {
			isa = XCVersionGroup;
			children = (
				5598F9432338F53F003E140F /* TaskModel.xcdatamodel */,
			);
			currentVersion = 5598F9432338F53F003E140F /* TaskModel.xcdatamodel */;
			path = TaskModel.xcdatamodeld;
			sourceTree = "<group>";
			versionGroupType = wrapper.xcdatamodel;
		};
/* End XCVersionGroup section */
	};
	rootObject = 55903D8C233100700075A557 /* Project object */;
}
